// !$*UTF8*$!
{
	archiveVersion = 1;
	classes = {
	};
	objectVersion = 77;
	objects = {

/* Begin PBXBuildFile section */
		896F8B9001A24387813A5F41 /* AppIcon.swift in Sources */ = {isa = PBXBuildFile; fileRef = 42EC806C099941CF98486B50 /* AppIcon.swift */; };
		E42B32DBCA8B4A4D829E5CEB /* AthenaAlertsPanel.swift in Sources */ = {isa = PBXBuildFile; fileRef = 6F6EDF7792D04175B2FAA690 /* AthenaAlertsPanel.swift */; };
		9EC9B8F3BE2F4CF2AB6C29B3 /* AthenaControlsPanel.swift in Sources */ = {isa = PBXBuildFile; fileRef = F94105F65DE94BB8B0CBEC6E /* AthenaControlsPanel.swift */; };
		94370A7874AD4A8CB8700543 /* AthenaFocusIntegration.swift in Sources */ = {isa = PBXBuildFile; fileRef = 09FBC9DBE9B64038A1F3CA27 /* AthenaFocusIntegration.swift */; };
		027080D38E9F4DCD90906AD3 /* AthenaMetricsPanel.swift in Sources */ = {isa = PBXBuildFile; fileRef = E59DEA2C6E0E4BD5AFEB9F6B /* AthenaMetricsPanel.swift */; };
		B8015C7CFF644196B28369F1 /* AthenaStatusPanel.swift in Sources */ = {isa = PBXBuildFile; fileRef = C2E3D5C269AC46D9BE682110 /* AthenaStatusPanel.swift */; };
		FEA7171C52A44E8781967CD8 /* BehavioralLearningView.swift in Sources */ = {isa = PBXBuildFile; fileRef = 0D428D4BF6CB494AAE0E3C47 /* BehavioralLearningView.swift */; };
		046EF993AB0F4FDC9729563C /* CalendarIntegrationView.swift in Sources */ = {isa = PBXBuildFile; fileRef = 25BC26F6658F417496825663 /* CalendarIntegrationView.swift */; };
		46F7693E9CEA43378C614666 /* CriticalAlertWindow.swift in Sources */ = {isa = PBXBuildFile; fileRef = 396DC548907C4A34B3FDFEB5 /* CriticalAlertWindow.swift */; };
		B9375717EB544564BE68DC6B /* SystemEmergencyWindow.swift in Sources */ = {isa = PBXBuildFile; fileRef = F6F5171CBFAC47A0A0BB1ECD /* SystemEmergencyWindow.swift */; };
		96A5A9282FC8421AB61D9D40 /* TribunalDecisionWindow.swift in Sources */ = {isa = PBXBuildFile; fileRef = 7E53660AD2C74640AAA2C896 /* TribunalDecisionWindow.swift */; };
		AA75E5A073864B06B58B5F44 /* AthenaDashboardView.swift in Sources */ = {isa = PBXBuildFile; fileRef = 44103A6A09B04CE5804002F2 /* AthenaDashboardView.swift */; };
		388EE43715234D53B53304A7 /* AthenaModels.swift in Sources */ = {isa = PBXBuildFile; fileRef = 045B0272E57746BCB4C121D9 /* AthenaModels.swift */; };
		F1E62AAF988A402EB0FE0176 /* AthenaState.swift in Sources */ = {isa = PBXBuildFile; fileRef = F174F5B2464844BABFC9D12A /* AthenaState.swift */; };
		9F965493760045E0813594C0 /* APIBase.swift in Sources */ = {isa = PBXBuildFile; fileRef = 7846FBA59A0241B6B944700B /* APIBase.swift */; };
		3AFE79C18BF94B3CB5EF488F /* Features.swift in Sources */ = {isa = PBXBuildFile; fileRef = 5971DAD8A17747999F29FB71 /* Features.swift */; };
		93BEBDE304FC40C6830D8C5F /* DesignSystem.swift in Sources */ = {isa = PBXBuildFile; fileRef = 7E92A72679FF4E37AA210509 /* DesignSystem.swift */; };
		7FF156267FA146E8863022DF /* ModernChatView.swift in Sources */ = {isa = PBXBuildFile; fileRef = 0C10EE028C1F484D871558EC /* ModernChatView.swift */; };
		6691735085FF443F85EB2248 /* ModernMessageBubble.swift in Sources */ = {isa = PBXBuildFile; fileRef = 7A927EDF7EF64909AD52FDC8 /* ModernMessageBubble.swift */; };
		2551CB493DE749038C095191 /* HealthBanner.swift in Sources */ = {isa = PBXBuildFile; fileRef = F0D8F144EB054D1EB22F22CA /* HealthBanner.swift */; };
		DBE442C6D8C94727BCC60A1C /* ProviderInspectorOverlay.swift in Sources */ = {isa = PBXBuildFile; fileRef = 971AC0E8A51541899AA24693 /* ProviderInspectorOverlay.swift */; };
		B46FEACEBE6F431F8723E5AE /* ChatView.swift in Sources */ = {isa = PBXBuildFile; fileRef = 2ECFA084784848CCB32F3CFD /* ChatView.swift */; };
		A7B79059D42B4BBBA6942FEB /* ChatViewEnhanced.swift in Sources */ = {isa = PBXBuildFile; fileRef = F89471A2C0F94230B1664411 /* ChatViewEnhanced.swift */; };
		AC18E1A5D3EE40EF9FEBA2EB /* CommandPalette.swift in Sources */ = {isa = PBXBuildFile; fileRef = 4C7A9D7D3D2B4932B121646D /* CommandPalette.swift */; };
		0D8E7A5B9B774D03ADE003B4 /* FirstRunWizardView.swift in Sources */ = {isa = PBXBuildFile; fileRef = 0CB6619C728D4B7D971813DD /* FirstRunWizardView.swift */; };
		41F5EB2CA4E14646A5B7FBE1 /* ImagePicker.swift in Sources */ = {isa = PBXBuildFile; fileRef = 785E5A5267994534A16F0504 /* ImagePicker.swift */; };
		F5CEAD87C92D48FC9B415664 /* KeyCatchingTextView.swift in Sources */ = {isa = PBXBuildFile; fileRef = 8E558C5F8F8540DFBECE8F18 /* KeyCatchingTextView.swift */; };
		65FB3C912A584BD8B5E038D2 /* OpsSettingsView.swift in Sources */ = {isa = PBXBuildFile; fileRef = F1D9F699FFB74A7D98109708 /* OpsSettingsView.swift */; };
		A31E9F24CBCE4F9996D40911 /* PromptDebugOverlay.swift in Sources */ = {isa = PBXBuildFile; fileRef = F09A27BDE8FC43AC9AD81BAA /* PromptDebugOverlay.swift */; };
		37E4951EFFA14131B5A7099C /* TracePanelView.swift in Sources */ = {isa = PBXBuildFile; fileRef = 573FBAAA9F794458832CE921 /* TracePanelView.swift */; };
		E1F5EF32A44548C7B5A70A6B /* APIClientIntegration.swift in Sources */ = {isa = PBXBuildFile; fileRef = CD443EDF85834AFCA0512F61 /* APIClientIntegration.swift */; };
		B45C24577D884927A448CC3C /* ChatViewIntegration.swift in Sources */ = {isa = PBXBuildFile; fileRef = CABEEDFE4C874F008175AFF6 /* ChatViewIntegration.swift */; };
		27D2A709B4D5496B98F947BD /* ConfidenceSparkline.swift in Sources */ = {isa = PBXBuildFile; fileRef = 6477CA88AF7A486B852BF8D1 /* ConfidenceSparkline.swift */; };
		BE424C825B6A4699932600B9 /* MetaPromptExample.swift in Sources */ = {isa = PBXBuildFile; fileRef = 2EF2D834266D426C8CAFC37A /* MetaPromptExample.swift */; };
		49B32462B9654B449F470E0F /* MetaPromptHelpers.swift in Sources */ = {isa = PBXBuildFile; fileRef = B9D6F67F0FCE451E9973D0AC /* MetaPromptHelpers.swift */; };
		03B5F6EF1CDB4AA9B2131D6E /* MetaPromptModels.swift in Sources */ = {isa = PBXBuildFile; fileRef = 61464DCAC1AE47CF99FD85B1 /* MetaPromptModels.swift */; };
		DF5A94F977FA4D36AF1DA96F /* MetaPromptPanel.swift in Sources */ = {isa = PBXBuildFile; fileRef = 5CA30D3DDC0146A7BD0E0BD7 /* MetaPromptPanel.swift */; };
		B53F96CA992D4DB6B18893D3 /* ChatMessage.swift in Sources */ = {isa = PBXBuildFile; fileRef = D3EE867C01A44A3F88005A41 /* ChatMessage.swift */; };
		ECCA067FDDDD426186963814 /* APIClient.swift in Sources */ = {isa = PBXBuildFile; fileRef = CD384B3E777F4C7B938F454A /* APIClient.swift */; };
		D92CE5229767427DAFC3E2E0 /* APIError.swift in Sources */ = {isa = PBXBuildFile; fileRef = C2A345AF28164796B180CBCD /* APIError.swift */; };
		092DEB7CFED842A0B3D9456C /* NetworkInterceptor.swift in Sources */ = {isa = PBXBuildFile; fileRef = FF13F925F9B7419B84B3AA42 /* NetworkInterceptor.swift */; };
		B7172F0B9C8440F49FDB8BE0 /* Orchestrator.swift in Sources */ = {isa = PBXBuildFile; fileRef = 7F947483A8C448D88B3756AF /* Orchestrator.swift */; };
		9166CAE02F4C42BE90D91156 /* RAGClient.swift in Sources */ = {isa = PBXBuildFile; fileRef = B27D4EBFF24D401D99B9E0DE /* RAGClient.swift */; };
		79E8BA777A074AD6974DAA84 /* Notifications+App.swift in Sources */ = {isa = PBXBuildFile; fileRef = 3FD123405FF14DF39DF4AE70 /* Notifications+App.swift */; };
		AF128215427D4D16BF408047 /* LogViewer.swift in Sources */ = {isa = PBXBuildFile; fileRef = CDF65B7B1F744DD9B8BE5317 /* LogViewer.swift */; };
		56A4DBC5391E450B8137AEC0 /* OpsState.swift in Sources */ = {isa = PBXBuildFile; fileRef = E9A61306CE584102B9E7A756 /* OpsState.swift */; };
		229F82EF09B54858AF4D2982 /* OpsWindow.swift in Sources */ = {isa = PBXBuildFile; fileRef = DF6D926195B94E68B1A791DF /* OpsWindow.swift */; };
		D22FFA9EB3454AB295B87482 /* ServiceRegistry.swift in Sources */ = {isa = PBXBuildFile; fileRef = 5A5FE0C5EFC84A24A7D16AE5 /* ServiceRegistry.swift */; };
		91076A7988B04F9782FD6A2B /* PromptSidebar.swift in Sources */ = {isa = PBXBuildFile; fileRef = 4525A4801B2D4248AA39FD30 /* PromptSidebar.swift */; };
		907C0DA3739447BABA03F2F3 /* PromptStore.swift in Sources */ = {isa = PBXBuildFile; fileRef = 5C2CB1937C9E4ED79F4A8183 /* PromptStore.swift */; };
		1233B1B979F54775B9B057D6 /* PromptTemplate.swift in Sources */ = {isa = PBXBuildFile; fileRef = CF054E54653F479BBB043298 /* PromptTemplate.swift */; };
		30365CB9449D41278F99A391 /* ProviderOverride.swift in Sources */ = {isa = PBXBuildFile; fileRef = 34960F65751144DAACE25DA9 /* ProviderOverride.swift */; };
		314B102CCD5B45EABAF88A51 /* ProviderOverrideManager.swift in Sources */ = {isa = PBXBuildFile; fileRef = E63D50F64E6C43EFB6F3D55C /* ProviderOverrideManager.swift */; };
		C3F2B6F034D3415B9C9311C5 /* RoutingPolicy.swift in Sources */ = {isa = PBXBuildFile; fileRef = C080BEAE7DC14E70AB57E933 /* RoutingPolicy.swift */; };
		3C83189D2DD44B808BE44E40 /* TaskClassifier.swift in Sources */ = {isa = PBXBuildFile; fileRef = 16CCC684FDB2421C81926113 /* TaskClassifier.swift */; };
		7A4EE57382804F359B762708 /* VisionModels.swift in Sources */ = {isa = PBXBuildFile; fileRef = 5F0D1AEC494C4829A1C3CBCD /* VisionModels.swift */; };
		C8D2FEB69B394CD28A5C8681 /* VoiceManager.swift in Sources */ = {isa = PBXBuildFile; fileRef = 6F5ADED6C88F4204A4973E22 /* VoiceManager.swift */; };
		0193E621A468458C83C14D79 /* main.swift in Sources */ = {isa = PBXBuildFile; fileRef = 0633D5704E62417997F34D1F /* main.swift */; };
/* End PBXBuildFile section */

/* Begin PBXFileReference section */
		42EC806C099941CF98486B50 /* AppIcon.swift */ = {isa = PBXFileReference; lastKnownFileType = sourcecode.swift; path = "AppIcon.swift"; sourceTree = "<group>"; };
		6F6EDF7792D04175B2FAA690 /* AthenaAlertsPanel.swift */ = {isa = PBXFileReference; lastKnownFileType = sourcecode.swift; path = "AthenaAlertsPanel.swift"; sourceTree = "<group>"; };
		F94105F65DE94BB8B0CBEC6E /* AthenaControlsPanel.swift */ = {isa = PBXFileReference; lastKnownFileType = sourcecode.swift; path = "AthenaControlsPanel.swift"; sourceTree = "<group>"; };
		09FBC9DBE9B64038A1F3CA27 /* AthenaFocusIntegration.swift */ = {isa = PBXFileReference; lastKnownFileType = sourcecode.swift; path = "AthenaFocusIntegration.swift"; sourceTree = "<group>"; };
		E59DEA2C6E0E4BD5AFEB9F6B /* AthenaMetricsPanel.swift */ = {isa = PBXFileReference; lastKnownFileType = sourcecode.swift; path = "AthenaMetricsPanel.swift"; sourceTree = "<group>"; };
		C2E3D5C269AC46D9BE682110 /* AthenaStatusPanel.swift */ = {isa = PBXFileReference; lastKnownFileType = sourcecode.swift; path = "AthenaStatusPanel.swift"; sourceTree = "<group>"; };
		0D428D4BF6CB494AAE0E3C47 /* BehavioralLearningView.swift */ = {isa = PBXFileReference; lastKnownFileType = sourcecode.swift; path = "BehavioralLearningView.swift"; sourceTree = "<group>"; };
		25BC26F6658F417496825663 /* CalendarIntegrationView.swift */ = {isa = PBXFileReference; lastKnownFileType = sourcecode.swift; path = "CalendarIntegrationView.swift"; sourceTree = "<group>"; };
		396DC548907C4A34B3FDFEB5 /* CriticalAlertWindow.swift */ = {isa = PBXFileReference; lastKnownFileType = sourcecode.swift; path = "CriticalAlertWindow.swift"; sourceTree = "<group>"; };
		F6F5171CBFAC47A0A0BB1ECD /* SystemEmergencyWindow.swift */ = {isa = PBXFileReference; lastKnownFileType = sourcecode.swift; path = "SystemEmergencyWindow.swift"; sourceTree = "<group>"; };
		7E53660AD2C74640AAA2C896 /* TribunalDecisionWindow.swift */ = {isa = PBXFileReference; lastKnownFileType = sourcecode.swift; path = "TribunalDecisionWindow.swift"; sourceTree = "<group>"; };
		44103A6A09B04CE5804002F2 /* AthenaDashboardView.swift */ = {isa = PBXFileReference; lastKnownFileType = sourcecode.swift; path = "AthenaDashboardView.swift"; sourceTree = "<group>"; };
		045B0272E57746BCB4C121D9 /* AthenaModels.swift */ = {isa = PBXFileReference; lastKnownFileType = sourcecode.swift; path = "AthenaModels.swift"; sourceTree = "<group>"; };
		F174F5B2464844BABFC9D12A /* AthenaState.swift */ = {isa = PBXFileReference; lastKnownFileType = sourcecode.swift; path = "AthenaState.swift"; sourceTree = "<group>"; };
		7846FBA59A0241B6B944700B /* APIBase.swift */ = {isa = PBXFileReference; lastKnownFileType = sourcecode.swift; path = "APIBase.swift"; sourceTree = "<group>"; };
		5971DAD8A17747999F29FB71 /* Features.swift */ = {isa = PBXFileReference; lastKnownFileType = sourcecode.swift; path = "Features.swift"; sourceTree = "<group>"; };
		7E92A72679FF4E37AA210509 /* DesignSystem.swift */ = {isa = PBXFileReference; lastKnownFileType = sourcecode.swift; path = "DesignSystem.swift"; sourceTree = "<group>"; };
		0C10EE028C1F484D871558EC /* ModernChatView.swift */ = {isa = PBXFileReference; lastKnownFileType = sourcecode.swift; path = "ModernChatView.swift"; sourceTree = "<group>"; };
		7A927EDF7EF64909AD52FDC8 /* ModernMessageBubble.swift */ = {isa = PBXFileReference; lastKnownFileType = sourcecode.swift; path = "ModernMessageBubble.swift"; sourceTree = "<group>"; };
		F0D8F144EB054D1EB22F22CA /* HealthBanner.swift */ = {isa = PBXFileReference; lastKnownFileType = sourcecode.swift; path = "HealthBanner.swift"; sourceTree = "<group>"; };
		971AC0E8A51541899AA24693 /* ProviderInspectorOverlay.swift */ = {isa = PBXFileReference; lastKnownFileType = sourcecode.swift; path = "ProviderInspectorOverlay.swift"; sourceTree = "<group>"; };
		2ECFA084784848CCB32F3CFD /* ChatView.swift */ = {isa = PBXFileReference; lastKnownFileType = sourcecode.swift; path = "ChatView.swift"; sourceTree = "<group>"; };
		F89471A2C0F94230B1664411 /* ChatViewEnhanced.swift */ = {isa = PBXFileReference; lastKnownFileType = sourcecode.swift; path = "ChatViewEnhanced.swift"; sourceTree = "<group>"; };
		4C7A9D7D3D2B4932B121646D /* CommandPalette.swift */ = {isa = PBXFileReference; lastKnownFileType = sourcecode.swift; path = "CommandPalette.swift"; sourceTree = "<group>"; };
		0CB6619C728D4B7D971813DD /* FirstRunWizardView.swift */ = {isa = PBXFileReference; lastKnownFileType = sourcecode.swift; path = "FirstRunWizardView.swift"; sourceTree = "<group>"; };
		785E5A5267994534A16F0504 /* ImagePicker.swift */ = {isa = PBXFileReference; lastKnownFileType = sourcecode.swift; path = "ImagePicker.swift"; sourceTree = "<group>"; };
		8E558C5F8F8540DFBECE8F18 /* KeyCatchingTextView.swift */ = {isa = PBXFileReference; lastKnownFileType = sourcecode.swift; path = "KeyCatchingTextView.swift"; sourceTree = "<group>"; };
		F1D9F699FFB74A7D98109708 /* OpsSettingsView.swift */ = {isa = PBXFileReference; lastKnownFileType = sourcecode.swift; path = "OpsSettingsView.swift"; sourceTree = "<group>"; };
		F09A27BDE8FC43AC9AD81BAA /* PromptDebugOverlay.swift */ = {isa = PBXFileReference; lastKnownFileType = sourcecode.swift; path = "PromptDebugOverlay.swift"; sourceTree = "<group>"; };
		573FBAAA9F794458832CE921 /* TracePanelView.swift */ = {isa = PBXFileReference; lastKnownFileType = sourcecode.swift; path = "TracePanelView.swift"; sourceTree = "<group>"; };
		CD443EDF85834AFCA0512F61 /* APIClientIntegration.swift */ = {isa = PBXFileReference; lastKnownFileType = sourcecode.swift; path = "APIClientIntegration.swift"; sourceTree = "<group>"; };
		CABEEDFE4C874F008175AFF6 /* ChatViewIntegration.swift */ = {isa = PBXFileReference; lastKnownFileType = sourcecode.swift; path = "ChatViewIntegration.swift"; sourceTree = "<group>"; };
		6477CA88AF7A486B852BF8D1 /* ConfidenceSparkline.swift */ = {isa = PBXFileReference; lastKnownFileType = sourcecode.swift; path = "ConfidenceSparkline.swift"; sourceTree = "<group>"; };
		2EF2D834266D426C8CAFC37A /* MetaPromptExample.swift */ = {isa = PBXFileReference; lastKnownFileType = sourcecode.swift; path = "MetaPromptExample.swift"; sourceTree = "<group>"; };
		B9D6F67F0FCE451E9973D0AC /* MetaPromptHelpers.swift */ = {isa = PBXFileReference; lastKnownFileType = sourcecode.swift; path = "MetaPromptHelpers.swift"; sourceTree = "<group>"; };
		61464DCAC1AE47CF99FD85B1 /* MetaPromptModels.swift */ = {isa = PBXFileReference; lastKnownFileType = sourcecode.swift; path = "MetaPromptModels.swift"; sourceTree = "<group>"; };
		5CA30D3DDC0146A7BD0E0BD7 /* MetaPromptPanel.swift */ = {isa = PBXFileReference; lastKnownFileType = sourcecode.swift; path = "MetaPromptPanel.swift"; sourceTree = "<group>"; };
		D3EE867C01A44A3F88005A41 /* ChatMessage.swift */ = {isa = PBXFileReference; lastKnownFileType = sourcecode.swift; path = "ChatMessage.swift"; sourceTree = "<group>"; };
		CD384B3E777F4C7B938F454A /* APIClient.swift */ = {isa = PBXFileReference; lastKnownFileType = sourcecode.swift; path = "APIClient.swift"; sourceTree = "<group>"; };
		C2A345AF28164796B180CBCD /* APIError.swift */ = {isa = PBXFileReference; lastKnownFileType = sourcecode.swift; path = "APIError.swift"; sourceTree = "<group>"; };
		FF13F925F9B7419B84B3AA42 /* NetworkInterceptor.swift */ = {isa = PBXFileReference; lastKnownFileType = sourcecode.swift; path = "NetworkInterceptor.swift"; sourceTree = "<group>"; };
		7F947483A8C448D88B3756AF /* Orchestrator.swift */ = {isa = PBXFileReference; lastKnownFileType = sourcecode.swift; path = "Orchestrator.swift"; sourceTree = "<group>"; };
		B27D4EBFF24D401D99B9E0DE /* RAGClient.swift */ = {isa = PBXFileReference; lastKnownFileType = sourcecode.swift; path = "RAGClient.swift"; sourceTree = "<group>"; };
		3FD123405FF14DF39DF4AE70 /* Notifications+App.swift */ = {isa = PBXFileReference; lastKnownFileType = sourcecode.swift; path = "Notifications+App.swift"; sourceTree = "<group>"; };
		CDF65B7B1F744DD9B8BE5317 /* LogViewer.swift */ = {isa = PBXFileReference; lastKnownFileType = sourcecode.swift; path = "LogViewer.swift"; sourceTree = "<group>"; };
		E9A61306CE584102B9E7A756 /* OpsState.swift */ = {isa = PBXFileReference; lastKnownFileType = sourcecode.swift; path = "OpsState.swift"; sourceTree = "<group>"; };
		DF6D926195B94E68B1A791DF /* OpsWindow.swift */ = {isa = PBXFileReference; lastKnownFileType = sourcecode.swift; path = "OpsWindow.swift"; sourceTree = "<group>"; };
		5A5FE0C5EFC84A24A7D16AE5 /* ServiceRegistry.swift */ = {isa = PBXFileReference; lastKnownFileType = sourcecode.swift; path = "ServiceRegistry.swift"; sourceTree = "<group>"; };
		4525A4801B2D4248AA39FD30 /* PromptSidebar.swift */ = {isa = PBXFileReference; lastKnownFileType = sourcecode.swift; path = "PromptSidebar.swift"; sourceTree = "<group>"; };
		5C2CB1937C9E4ED79F4A8183 /* PromptStore.swift */ = {isa = PBXFileReference; lastKnownFileType = sourcecode.swift; path = "PromptStore.swift"; sourceTree = "<group>"; };
		CF054E54653F479BBB043298 /* PromptTemplate.swift */ = {isa = PBXFileReference; lastKnownFileType = sourcecode.swift; path = "PromptTemplate.swift"; sourceTree = "<group>"; };
		34960F65751144DAACE25DA9 /* ProviderOverride.swift */ = {isa = PBXFileReference; lastKnownFileType = sourcecode.swift; path = "ProviderOverride.swift"; sourceTree = "<group>"; };
		E63D50F64E6C43EFB6F3D55C /* ProviderOverrideManager.swift */ = {isa = PBXFileReference; lastKnownFileType = sourcecode.swift; path = "ProviderOverrideManager.swift"; sourceTree = "<group>"; };
		C080BEAE7DC14E70AB57E933 /* RoutingPolicy.swift */ = {isa = PBXFileReference; lastKnownFileType = sourcecode.swift; path = "RoutingPolicy.swift"; sourceTree = "<group>"; };
		16CCC684FDB2421C81926113 /* TaskClassifier.swift */ = {isa = PBXFileReference; lastKnownFileType = sourcecode.swift; path = "TaskClassifier.swift"; sourceTree = "<group>"; };
		5F0D1AEC494C4829A1C3CBCD /* VisionModels.swift */ = {isa = PBXFileReference; lastKnownFileType = sourcecode.swift; path = "VisionModels.swift"; sourceTree = "<group>"; };
		6F5ADED6C88F4204A4973E22 /* VoiceManager.swift */ = {isa = PBXFileReference; lastKnownFileType = sourcecode.swift; path = "VoiceManager.swift"; sourceTree = "<group>"; };
		0633D5704E62417997F34D1F /* main.swift */ = {isa = PBXFileReference; lastKnownFileType = sourcecode.swift; path = "main.swift"; sourceTree = "<group>"; };
		6E5258BB5156414AB044A26F /* NeuroForgeApp.app */ = {isa = PBXFileReference; explicitFileType = wrapper.application; includeInIndex = 0; path = NeuroForgeApp.app; sourceTree = BUILT_PRODUCTS_DIR; };
/* End PBXFileReference section */

/* Begin PBXFrameworksBuildPhase section */
		7B0AC09BF8B04E0C9343A6D2 /* Frameworks */ = {
			isa = PBXFrameworksBuildPhase;
			buildActionMask = 2147483647;
			files = (
			);
			runOnlyForDeploymentPostprocessing = 0;
		};
/* End PBXFrameworksBuildPhase section */

/* Begin PBXGroup section */
		E083BC299C14433287B9ECE4 = {
			isa = PBXGroup;
			children = (
				F6EEEE98125C4ECCAB39B437 /* Sources */,
				A9488F3AE1C34198ABA5197C /* Products */,
			);
			sourceTree = "<group>";
		};
		A9488F3AE1C34198ABA5197C /* Products */ = {
			isa = PBXGroup;
			children = (
				6E5258BB5156414AB044A26F /* NeuroForgeApp.app */,
			);
			name = Products;
			sourceTree = "<group>";
		};
		F6EEEE98125C4ECCAB39B437 /* Sources */ = {
			isa = PBXGroup;
			children = (
				42EC806C099941CF98486B50 /* AppIcon.swift */,
				6F6EDF7792D04175B2FAA690 /* AthenaAlertsPanel.swift */,
				F94105F65DE94BB8B0CBEC6E /* AthenaControlsPanel.swift */,
				09FBC9DBE9B64038A1F3CA27 /* AthenaFocusIntegration.swift */,
				E59DEA2C6E0E4BD5AFEB9F6B /* AthenaMetricsPanel.swift */,
				C2E3D5C269AC46D9BE682110 /* AthenaStatusPanel.swift */,
				0D428D4BF6CB494AAE0E3C47 /* BehavioralLearningView.swift */,
				25BC26F6658F417496825663 /* CalendarIntegrationView.swift */,
				396DC548907C4A34B3FDFEB5 /* CriticalAlertWindow.swift */,
				F6F5171CBFAC47A0A0BB1ECD /* SystemEmergencyWindow.swift */,
				7E53660AD2C74640AAA2C896 /* TribunalDecisionWindow.swift */,
				44103A6A09B04CE5804002F2 /* AthenaDashboardView.swift */,
				045B0272E57746BCB4C121D9 /* AthenaModels.swift */,
				F174F5B2464844BABFC9D12A /* AthenaState.swift */,
				7846FBA59A0241B6B944700B /* APIBase.swift */,
				5971DAD8A17747999F29FB71 /* Features.swift */,
				7E92A72679FF4E37AA210509 /* DesignSystem.swift */,
				0C10EE028C1F484D871558EC /* ModernChatView.swift */,
				7A927EDF7EF64909AD52FDC8 /* ModernMessageBubble.swift */,
				F0D8F144EB054D1EB22F22CA /* HealthBanner.swift */,
				971AC0E8A51541899AA24693 /* ProviderInspectorOverlay.swift */,
				2ECFA084784848CCB32F3CFD /* ChatView.swift */,
				F89471A2C0F94230B1664411 /* ChatViewEnhanced.swift */,
				4C7A9D7D3D2B4932B121646D /* CommandPalette.swift */,
				0CB6619C728D4B7D971813DD /* FirstRunWizardView.swift */,
				785E5A5267994534A16F0504 /* ImagePicker.swift */,
				8E558C5F8F8540DFBECE8F18 /* KeyCatchingTextView.swift */,
				F1D9F699FFB74A7D98109708 /* OpsSettingsView.swift */,
				F09A27BDE8FC43AC9AD81BAA /* PromptDebugOverlay.swift */,
				573FBAAA9F794458832CE921 /* TracePanelView.swift */,
				CD443EDF85834AFCA0512F61 /* APIClientIntegration.swift */,
				CABEEDFE4C874F008175AFF6 /* ChatViewIntegration.swift */,
				6477CA88AF7A486B852BF8D1 /* ConfidenceSparkline.swift */,
				2EF2D834266D426C8CAFC37A /* MetaPromptExample.swift */,
				B9D6F67F0FCE451E9973D0AC /* MetaPromptHelpers.swift */,
				61464DCAC1AE47CF99FD85B1 /* MetaPromptModels.swift */,
				5CA30D3DDC0146A7BD0E0BD7 /* MetaPromptPanel.swift */,
				D3EE867C01A44A3F88005A41 /* ChatMessage.swift */,
				CD384B3E777F4C7B938F454A /* APIClient.swift */,
				C2A345AF28164796B180CBCD /* APIError.swift */,
				FF13F925F9B7419B84B3AA42 /* NetworkInterceptor.swift */,
				7F947483A8C448D88B3756AF /* Orchestrator.swift */,
				B27D4EBFF24D401D99B9E0DE /* RAGClient.swift */,
				3FD123405FF14DF39DF4AE70 /* Notifications+App.swift */,
				CDF65B7B1F744DD9B8BE5317 /* LogViewer.swift */,
				E9A61306CE584102B9E7A756 /* OpsState.swift */,
				DF6D926195B94E68B1A791DF /* OpsWindow.swift */,
				5A5FE0C5EFC84A24A7D16AE5 /* ServiceRegistry.swift */,
				4525A4801B2D4248AA39FD30 /* PromptSidebar.swift */,
				5C2CB1937C9E4ED79F4A8183 /* PromptStore.swift */,
				CF054E54653F479BBB043298 /* PromptTemplate.swift */,
				34960F65751144DAACE25DA9 /* ProviderOverride.swift */,
				E63D50F64E6C43EFB6F3D55C /* ProviderOverrideManager.swift */,
				C080BEAE7DC14E70AB57E933 /* RoutingPolicy.swift */,
				16CCC684FDB2421C81926113 /* TaskClassifier.swift */,
				5F0D1AEC494C4829A1C3CBCD /* VisionModels.swift */,
				6F5ADED6C88F4204A4973E22 /* VoiceManager.swift */,
				0633D5704E62417997F34D1F /* main.swift */,
			);
			path = Sources;
			sourceTree = "<group>";
		};
/* End PBXGroup section */

/* Begin PBXNativeTarget section */
		F7EE5EEDF68F4366916C92FA /* NeuroForgeApp */ = {
			isa = PBXNativeTarget;
			buildConfigurationList = 954AD394D78446AD8C8A7936 /* Build configuration list for PBXNativeTarget "NeuroForgeApp" */;
			buildPhases = (
				9E20E8CB0D3F4DF2A844AD50 /* Sources */,
				7B0AC09BF8B04E0C9343A6D2 /* Frameworks */,
				EE1F5F112FAB4AFAACAB8EEC /* Resources */,
			);
			buildRules = (
			);
			dependencies = (
			);
			name = NeuroForgeApp;
			packageProductDependencies = (
			);
			productName = NeuroForgeApp;
			productReference = 6E5258BB5156414AB044A26F /* NeuroForgeApp.app */;
			productType = "com.apple.product-type.application";
		};
/* End PBXNativeTarget section */

/* Begin PBXProject section */
		1ED659EA99914C1C8FF1359F /* Project object */ = {
			isa = PBXProject;
			attributes = {
				BuildIndependentTargetsInParallel = 1;
				LastSwiftUpdateCheck = 1600;
				LastUpgradeCheck = 1600;
			};
			buildConfigurationList = EF909EAC9F93476AAFE191F4 /* Build configuration list for PBXProject "NeuroForgeApp" */;
			developmentRegion = en;
			hasScannedForEncodings = 0;
			knownRegions = (
				en,
				Base,
			);
			mainGroup = E083BC299C14433287B9ECE4;
			productRefGroup = A9488F3AE1C34198ABA5197C /* Products */;
			projectDirPath = "";
			projects = (
			);
			projectRoot = "";
			targets = (
				F7EE5EEDF68F4366916C92FA /* NeuroForgeApp */,
			);
		};
/* End PBXProject section */

/* Begin PBXResourcesBuildPhase section */
		EE1F5F112FAB4AFAACAB8EEC /* Resources */ = {
			isa = PBXResourcesBuildPhase;
			buildActionMask = 2147483647;
			files = (
			);
			runOnlyForDeploymentPostprocessing = 0;
		};
/* End PBXResourcesBuildPhase section */

/* Begin PBXSourcesBuildPhase section */
		9E20E8CB0D3F4DF2A844AD50 /* Sources */ = {
			isa = PBXSourcesBuildPhase;
			buildActionMask = 2147483647;
			files = (
				896F8B9001A24387813A5F41 /* AppIcon.swift in Sources */,
				E42B32DBCA8B4A4D829E5CEB /* AthenaAlertsPanel.swift in Sources */,
				9EC9B8F3BE2F4CF2AB6C29B3 /* AthenaControlsPanel.swift in Sources */,
				94370A7874AD4A8CB8700543 /* AthenaFocusIntegration.swift in Sources */,
				027080D38E9F4DCD90906AD3 /* AthenaMetricsPanel.swift in Sources */,
				B8015C7CFF644196B28369F1 /* AthenaStatusPanel.swift in Sources */,
				FEA7171C52A44E8781967CD8 /* BehavioralLearningView.swift in Sources */,
				046EF993AB0F4FDC9729563C /* CalendarIntegrationView.swift in Sources */,
				46F7693E9CEA43378C614666 /* CriticalAlertWindow.swift in Sources */,
				B9375717EB544564BE68DC6B /* SystemEmergencyWindow.swift in Sources */,
				96A5A9282FC8421AB61D9D40 /* TribunalDecisionWindow.swift in Sources */,
				AA75E5A073864B06B58B5F44 /* AthenaDashboardView.swift in Sources */,
				388EE43715234D53B53304A7 /* AthenaModels.swift in Sources */,
				F1E62AAF988A402EB0FE0176 /* AthenaState.swift in Sources */,
				9F965493760045E0813594C0 /* APIBase.swift in Sources */,
				3AFE79C18BF94B3CB5EF488F /* Features.swift in Sources */,
				93BEBDE304FC40C6830D8C5F /* DesignSystem.swift in Sources */,
				7FF156267FA146E8863022DF /* ModernChatView.swift in Sources */,
				6691735085FF443F85EB2248 /* ModernMessageBubble.swift in Sources */,
				2551CB493DE749038C095191 /* HealthBanner.swift in Sources */,
				DBE442C6D8C94727BCC60A1C /* ProviderInspectorOverlay.swift in Sources */,
				B46FEACEBE6F431F8723E5AE /* ChatView.swift in Sources */,
				A7B79059D42B4BBBA6942FEB /* ChatViewEnhanced.swift in Sources */,
				AC18E1A5D3EE40EF9FEBA2EB /* CommandPalette.swift in Sources */,
				0D8E7A5B9B774D03ADE003B4 /* FirstRunWizardView.swift in Sources */,
				41F5EB2CA4E14646A5B7FBE1 /* ImagePicker.swift in Sources */,
				F5CEAD87C92D48FC9B415664 /* KeyCatchingTextView.swift in Sources */,
				65FB3C912A584BD8B5E038D2 /* OpsSettingsView.swift in Sources */,
				A31E9F24CBCE4F9996D40911 /* PromptDebugOverlay.swift in Sources */,
				37E4951EFFA14131B5A7099C /* TracePanelView.swift in Sources */,
				E1F5EF32A44548C7B5A70A6B /* APIClientIntegration.swift in Sources */,
				B45C24577D884927A448CC3C /* ChatViewIntegration.swift in Sources */,
				27D2A709B4D5496B98F947BD /* ConfidenceSparkline.swift in Sources */,
				BE424C825B6A4699932600B9 /* MetaPromptExample.swift in Sources */,
				49B32462B9654B449F470E0F /* MetaPromptHelpers.swift in Sources */,
				03B5F6EF1CDB4AA9B2131D6E /* MetaPromptModels.swift in Sources */,
				DF5A94F977FA4D36AF1DA96F /* MetaPromptPanel.swift in Sources */,
				B53F96CA992D4DB6B18893D3 /* ChatMessage.swift in Sources */,
				ECCA067FDDDD426186963814 /* APIClient.swift in Sources */,
				D92CE5229767427DAFC3E2E0 /* APIError.swift in Sources */,
				092DEB7CFED842A0B3D9456C /* NetworkInterceptor.swift in Sources */,
				B7172F0B9C8440F49FDB8BE0 /* Orchestrator.swift in Sources */,
				9166CAE02F4C42BE90D91156 /* RAGClient.swift in Sources */,
				79E8BA777A074AD6974DAA84 /* Notifications+App.swift in Sources */,
				AF128215427D4D16BF408047 /* LogViewer.swift in Sources */,
				56A4DBC5391E450B8137AEC0 /* OpsState.swift in Sources */,
				229F82EF09B54858AF4D2982 /* OpsWindow.swift in Sources */,
				D22FFA9EB3454AB295B87482 /* ServiceRegistry.swift in Sources */,
				91076A7988B04F9782FD6A2B /* PromptSidebar.swift in Sources */,
				907C0DA3739447BABA03F2F3 /* PromptStore.swift in Sources */,
				1233B1B979F54775B9B057D6 /* PromptTemplate.swift in Sources */,
				30365CB9449D41278F99A391 /* ProviderOverride.swift in Sources */,
				314B102CCD5B45EABAF88A51 /* ProviderOverrideManager.swift in Sources */,
				C3F2B6F034D3415B9C9311C5 /* RoutingPolicy.swift in Sources */,
				3C83189D2DD44B808BE44E40 /* TaskClassifier.swift in Sources */,
				7A4EE57382804F359B762708 /* VisionModels.swift in Sources */,
				C8D2FEB69B394CD28A5C8681 /* VoiceManager.swift in Sources */,
				0193E621A468458C83C14D79 /* main.swift in Sources */,
			);
			runOnlyForDeploymentPostprocessing = 0;
		};
/* End PBXSourcesBuildPhase section */

/* Begin XCBuildConfiguration section */
		04F254E3C0604FD48DE36661 /* Debug */ = {
			isa = XCBuildConfiguration;
			buildSettings = {
				ALWAYS_SEARCH_USER_PATHS = NO;
				ASS ETCATALOG_COMPILER_APPICON_NAME = AppIcon;
				CLANG_ANALYZER_NONNULL = YES;
				CLANG_CXX_LANGUAGE_STANDARD = "gnu++20";
				CLANG_ENABLE_MODULES = YES;
				CLANG_ENABLE_OBJC_ARC = YES;
				CODE_SIGN_STYLE = Automatic;
				COMBINE_HIDPI_IMAGES = YES;
				COPY_PHASE_STRIP = NO;
				CURRENT_PROJECT_VERSION = 1;
				DEBUG_INFORMATION_FORMAT = dwarf;
				ENABLE_TESTABILITY = YES;
				GCC_C_LANGUAGE_STANDARD = gnu17;
				GCC_OPTIMIZATION_LEVEL = 0;
				GCC_PREPROCESSOR_DEFINITIONS = (
					"DEBUG=1",
				);
				INFOPLIST_FILE = Info.plist;
				LD_RUNPATH_SEARCH_PATHS = "$(inherited) @executable_path/../Frameworks";
				MACOSX_DEPLOYMENT_TARGET = 14.0;
				MARKETING_VERSION = 1.0;
				PRODUCT_BUNDLE_IDENTIFIER = com.neuroforge.app;
				PRODUCT_NAME = "$(TARGET_NAME)";
				SWIFT_ACTIVE_COMPILATION_CONDITIONS = DEBUG;
				SWIFT_OPTIMIZATION_LEVEL = "-Onone";
				SWIFT_VERSION = 5.0;
			};
			name = Debug;
		};
		2F8112A430C042E7B99B149C /* Release */ = {
			isa = XCBuildConfiguration;
			buildSettings = {
				ALWAYS_SEARCH_USER_PATHS = NO;
				ASSETCATALOG_COMPILER_APPICON_NAME = AppIcon;
				CLANG_ANALYZER_NONNULL = YES;
				CLANG_CXX_LANGUAGE_STANDARD = "gnu++20";
				CLANG_ENABLE_MODULES = YES;
				CLANG_ENABLE_OBJC_ARC = YES;
				CODE_SIGN_STYLE = Automatic;
				COMBINE_HIDPI_IMAGES = YES;
				COPY_PHASE_STRIP = NO;
				CURRENT_PROJECT_VERSION = 1;
				DEBUG_INFORMATION_FORMAT = "dwarf-with-dsym";
				ENABLE_NS_ASSERTIONS = NO;
				GCC_C_LANGUAGE_STANDARD = gnu17;
				INFOPLIST_FILE = Info.plist;
				LD_RUNPATH_SEARCH_PATHS = "$(inherited) @executable_path/../Frameworks";
				MACOSX_DEPLOYMENT_TARGET = 14.0;
				MARKETING_VERSION = 1.0;
				PRODUCT_BUNDLE_IDENTIFIER = com.neuroforge.app;
				PRODUCT_NAME = "$(TARGET_NAME)";
				SWIFT_OPTIMIZATION_LEVEL = "-O";
				SWIFT_VERSION = 5.0;
			};
			name = Release;
		};
/* End XCBuildConfiguration section */

/* Begin XCConfigurationList section */
		EF909EAC9F93476AAFE191F4 /* Build configuration list for PBXProject "NeuroForgeApp" */ = {
			isa = XCConfigurationList;
			buildConfigurations = (
				04F254E3C0604FD48DE36661 /* Debug */,
				2F8112A430C042E7B99B149C /* Release */,
			);
			defaultConfigurationIsVisible = 0;
			defaultConfigurationName = Debug;
		};
		954AD394D78446AD8C8A7936 /* Build configuration list for PBXNativeTarget "NeuroForgeApp" */ = {
			isa = XCConfigurationList;
			buildConfigurations = (
				04F254E3C0604FD48DE36661 /* Debug */,
				2F8112A430C042E7B99B149C /* Release */,
			);
			defaultConfigurationIsVisible = 0;
			defaultConfigurationName = Debug;
		};
/* End XCConfigurationList section */
	};
	rootObject = 1ED659EA99914C1C8FF1359F /* Project object */;
}
